version = 1
revision = 5
requires-python = ">=3.9.0"

[[package]]
name = "mise-pypi-tool-environment"
version = "0.0.0"
source = { virtual = "." }
dependencies = [
    { name = "pyvalhalla" },
]

[package.metadata]
requires-dist = [{ name = "pyvalhalla", specifier = "==3.9.1" }]

[[package]]
name = "pyvalhalla"
version = "3.9.1"
source = { registry = "https://pypi.org/simple" }
sdist = { url = "https://files.pythonhosted.org/packages/b3/71/bc3d87dd132694b38186ab5fe6cebff18b5b34e6a1852ced24ea79033ffe/pyvalhalla-3.9.1.tar.gz", hash = "sha256:a0037952a956d7f0212453e7a7195fd3b27c9b357a183f5d33a3ebebaaf5e957", size = 36531675, upload-time = "2026-10-06T11:38:00.082Z" }
wheels = [
    { url = "https://files.pythonhosted.org/packages/5c/3d/d27b849a66f2c30e030bdbf2b76470766c10d2037d61cb9906fd2df46b33/pyvalhalla-3.9.1-cp312-abi3-macosx_14_0_arm64.whl", hash = "sha256:1780e2a586391a14028ac134f4335eee73dd88df66bf22adbe2d318493b4d053", size = 26380619, upload-time = "2026-10-06T11:37:49.305Z" },
    { url = "https://files.pythonhosted.org/packages/e5/3a/087f21f1d3551ed30fed4a8945f631482482183ca9bb69a2fddc9454402a/pyvalhalla-3.9.1-cp312-abi3-manylinux_2_28_aarch64.whl", hash = "sha256:6ebe5f9dd6ce3b16413f939a271d68e64a4addd44df8a802a8eda0b9ca0bf16f", size = 34736379, upload-time = "2026-10-06T11:37:52.2Z" },
    { url = "https://files.pythonhosted.org/packages/df/47/22bf3a1dcc911bc149b854892812e04f42e30c8c34ade8320141b1f3ba32/pyvalhalla-3.9.1-cp312-abi3-manylinux_2_28_x86_64.whl", hash = "sha256:7b49c5e5f86cefd555b473aaaf34df3305889d30aa889b8abd3b4c2acc622271", size = 37532140, upload-time = "2026-10-06T11:37:54.864Z" },
    { url = "https://files.pythonhosted.org/packages/89/56/3f3087dff7e1057a007a82044d5f957485d093c6e9ca08b7cf485612fa51/pyvalhalla-3.9.1-cp312-abi3-win_amd64.whl", hash = "sha256:542ea3e11da281c63f2043fa69a2f426c5b309cb1e3b0032028f7034847d1c13", size = 22251811, upload-time = "2026-10-06T11:37:57.596Z" },
]
